
Microsoft Visual Studio Solution File, Format Version 12.00
# Visual Studio Version 17
VisualStudioVersion = 17.0.31903.59
MinimumVisualStudioVersion = 10.0.40219.1
Project("{2150E333-8FDC-42A3-9474-1A3956D46DE8}") = "src", "src", "{68392489-15B6-42F0-8060-133DCB96F388}"
EndProject
Project("{F2A71F9B-5D33-465A-A702-920D77279786}") = "Htmelo", "src\Htmelo\Htmelo.fsproj", "{82FD650C-763F-463D-826C-D579EA8D9813}"
EndProject
Project("{2150E333-8FDC-42A3-9474-1A3956D46DE8}") = "samples", "samples", "{D08907E4-AD99-413A-A67E-82002D29CEE9}"
EndProject
Project("{F2A71F9B-5D33-465A-A702-920D77279786}") = "Server", "samples\Server\Server.fsproj", "{89019135-9D82-4075-8D8E-528DDA817E42}"
EndProject
Project("{FAE04EC0-301F-11D3-BF4B-00C04F79EFBC}") = "ServerCs", "Samples\ServerCs\ServerCs.csproj", "{DEA465EF-51CD-4BB2-8C1A-0669164D9B4D}"
EndProject
Project("{F2A71F9B-5D33-465A-A702-920D77279786}") = "FelizEngine", "samples\FelizEngine\FelizEngine.fsproj", "{256F9BD4-E2B6-42B5-AE3D-4AAC51018587}"
EndProject
Project("{F2A71F9B-5D33-465A-A702-920D77279786}") = "Falco", "samples\Falco\Server.fsproj", "{591FE39C-938E-45E4-9214-543F068B9ACF}"
EndProject
Global
	GlobalSection(SolutionConfigurationPlatforms) = preSolution
		Debug|Any CPU = Debug|Any CPU
		Release|Any CPU = Release|Any CPU
	EndGlobalSection
	GlobalSection(SolutionProperties) = preSolution
		HideSolutionNode = FALSE
	EndGlobalSection
	GlobalSection(ProjectConfigurationPlatforms) = postSolution
		{82FD650C-763F-463D-826C-D579EA8D9813}.Debug|Any CPU.ActiveCfg = Debug|Any CPU
		{82FD650C-763F-463D-826C-D579EA8D9813}.Debug|Any CPU.Build.0 = Debug|Any CPU
		{82FD650C-763F-463D-826C-D579EA8D9813}.Release|Any CPU.ActiveCfg = Release|Any CPU
		{82FD650C-763F-463D-826C-D579EA8D9813}.Release|Any CPU.Build.0 = Release|Any CPU
		{89019135-9D82-4075-8D8E-528DDA817E42}.Debug|Any CPU.ActiveCfg = Debug|Any CPU
		{89019135-9D82-4075-8D8E-528DDA817E42}.Debug|Any CPU.Build.0 = Debug|Any CPU
		{89019135-9D82-4075-8D8E-528DDA817E42}.Release|Any CPU.ActiveCfg = Release|Any CPU
		{89019135-9D82-4075-8D8E-528DDA817E42}.Release|Any CPU.Build.0 = Release|Any CPU
		{DEA465EF-51CD-4BB2-8C1A-0669164D9B4D}.Debug|Any CPU.ActiveCfg = Debug|Any CPU
		{DEA465EF-51CD-4BB2-8C1A-0669164D9B4D}.Debug|Any CPU.Build.0 = Debug|Any CPU
		{DEA465EF-51CD-4BB2-8C1A-0669164D9B4D}.Release|Any CPU.ActiveCfg = Release|Any CPU
		{DEA465EF-51CD-4BB2-8C1A-0669164D9B4D}.Release|Any CPU.Build.0 = Release|Any CPU
		{256F9BD4-E2B6-42B5-AE3D-4AAC51018587}.Debug|Any CPU.ActiveCfg = Debug|Any CPU
		{256F9BD4-E2B6-42B5-AE3D-4AAC51018587}.Debug|Any CPU.Build.0 = Debug|Any CPU
		{256F9BD4-E2B6-42B5-AE3D-4AAC51018587}.Release|Any CPU.ActiveCfg = Release|Any CPU
		{256F9BD4-E2B6-42B5-AE3D-4AAC51018587}.Release|Any CPU.Build.0 = Release|Any CPU
		{591FE39C-938E-45E4-9214-543F068B9ACF}.Debug|Any CPU.ActiveCfg = Debug|Any CPU
		{591FE39C-938E-45E4-9214-543F068B9ACF}.Debug|Any CPU.Build.0 = Debug|Any CPU
		{591FE39C-938E-45E4-9214-543F068B9ACF}.Release|Any CPU.ActiveCfg = Release|Any CPU
		{591FE39C-938E-45E4-9214-543F068B9ACF}.Release|Any CPU.Build.0 = Release|Any CPU
	EndGlobalSection
	GlobalSection(NestedProjects) = preSolution
		{82FD650C-763F-463D-826C-D579EA8D9813} = {68392489-15B6-42F0-8060-133DCB96F388}
		{89019135-9D82-4075-8D8E-528DDA817E42} = {D08907E4-AD99-413A-A67E-82002D29CEE9}
		{DEA465EF-51CD-4BB2-8C1A-0669164D9B4D} = {D08907E4-AD99-413A-A67E-82002D29CEE9}
		{256F9BD4-E2B6-42B5-AE3D-4AAC51018587} = {D08907E4-AD99-413A-A67E-82002D29CEE9}
		{591FE39C-938E-45E4-9214-543F068B9ACF} = {D08907E4-AD99-413A-A67E-82002D29CEE9}
	EndGlobalSection
EndGlobal
